
Microsoft Visual Studio Solution File, Format Version 12.00
# Visual Studio Version 16
VisualStudioVersion = 16.0.31613.86
MinimumVisualStudioVersion = 10.0.40219.1
Project("{FAE04EC0-301F-11D3-BF4B-00C04F79EFBC}") = "ValidateEditingFields_MVVM", "ValidateEditingFields_MVVM.csproj", "{D724AEDE-449C-490B-8434-7CD5D6DBCDCC}"
EndProject
Global
	GlobalSection(SolutionConfigurationPlatforms) = preSolution
		Debug|Any CPU = Debug|Any CPU
		Release|Any CPU = Release|Any CPU
	EndGlobalSection
	GlobalSection(ProjectConfigurationPlatforms) = postSolution
		{D724AEDE-449C-490B-8434-7CD5D6DBCDCC}.Debug|Any CPU.ActiveCfg = Debug|Any CPU
		{D724AEDE-449C-490B-8434-7CD5D6DBCDCC}.Debug|Any CPU.Build.0 = Debug|Any CPU
		{D724AEDE-449C-490B-8434-7CD5D6DBCDCC}.Release|Any CPU.ActiveCfg = Release|Any CPU
		{D724AEDE-449C-490B-8434-7CD5D6DBCDCC}.Release|Any CPU.Build.0 = Release|Any CPU
	EndGlobalSection
	GlobalSection(SolutionProperties) = preSolution
		HideSolutionNode = FALSE
	EndGlobalSection
	GlobalSection(ExtensibilityGlobals) = postSolution
		SolutionGuid = {2145B4DF-516F-4A14-BCF9-912588D4D25A}
	EndGlobalSection
EndGlobal
